// !$*UTF8*$!
{
	archiveVersion = 1;
	classes = {
	};
	objectVersion = 50;
	objects = {

/* Begin PBXBuildFile section */
		84857AFC2EFA51D500C46B3E /* AppDelegate.swift in Sources */ = {isa = PBXBuildFile; fileRef = 84857AFB2EFA51D500C46B3E /* AppDelegate.swift */; };
		84857AFE2EFA51D500C46B3E /* SceneDelegate.swift in Sources */ = {isa = PBXBuildFile; fileRef = 84857AFD2EFA51D500C46B3E /* SceneDelegate.swift */; };
		84857B002EFA51D500C46B3E /* ViewController.swift in Sources */ = {isa = PBXBuildFile; fileRef = 84857AFF2EFA51D500C46B3E /* ViewController.swift */; };
		84857B032EFA51D500C46B3E /* Main.storyboard in Resources */ = {isa = PBXBuildFile; fileRef = 84857B012EFA51D500C46B3E /* Main.storyboard */; };
		84857B052EFA51D800C46B3E /* Assets.xcassets in Resources */ = {isa = PBXBuildFile; fileRef = 84857B042EFA51D800C46B3E /* Assets.xcassets */; };
		84857B082EFA51D800C46B3E /* LaunchScreen.storyboard in Resources */ = {isa = PBXBuildFile; fileRef = 84857B062EFA51D800C46B3E /* LaunchScreen.storyboard */; };
/* End PBXBuildFile section */

/* Begin PBXFileReference section */
		84857AF82EFA51D500C46B3E /* JumpUpGame.app */ = {isa = PBXFileReference; explicitFileType = wrapper.application; includeInIndex = 0; path = JumpUpGame.app; sourceTree = BUILT_PRODUCTS_DIR; };
		84857AFB2EFA51D500C46B3E /* AppDelegate.swift */ = {isa = PBXFileReference; lastKnownFileType = sourcecode.swift; path = AppDelegate.swift; sourceTree = "<group>"; };
		84857AFD2EFA51D500C46B3E /* SceneDelegate.swift */ = {isa = PBXFileReference; lastKnownFileType = sourcecode.swift; path = SceneDelegate.swift; sourceTree = "<group>"; };
		84857AFF2EFA51D500C46B3E /* ViewController.swift */ = {isa = PBXFileReference; lastKnownFileType = sourcecode.swift; path = ViewController.swift; sourceTree = "<group>"; };
		84857B022EFA51D500C46B3E /* Base */ = {isa = PBXFileReference; lastKnownFileType = file.storyboard; name = Base; path = Base.lproj/Main.storyboard; sourceTree = "<group>"; };
		84857B042EFA51D800C46B3E /* Assets.xcassets */ = {isa = PBXFileReference; lastKnownFileType = folder.assetcatalog; path = Assets.xcassets; sourceTree = "<group>"; };
		84857B072EFA51D800C46B3E /* Base */ = {isa = PBXFileReference; lastKnownFileType = file.storyboard; name = Base; path = Base.lproj/LaunchScreen.storyboard; sourceTree = "<group>"; };
		84857B092EFA51D800C46B3E /* Info.plist */ = {isa = PBXFileReference; lastKnownFileType = text.plist.xml; path = Info.plist; sourceTree = "<group>"; };
/* End PBXFileReference section */

/* Begin PBXFrameworksBuildPhase section */
		84857AF52EFA51D500C46B3E /* Frameworks */ = {
			isa = PBXFrameworksBuildPhase;
			buildActionMask = 2147483647;
			files = (
			);
			runOnlyForDeploymentPostprocessing = 0;
		};
/* End PBXFrameworksBuildPhase section */

/* Begin PBXGroup section */
		84857AEF2EFA51D500C46B3E = {
			isa = PBXGroup;
			children = (
				84857AFA2EFA51D500C46B3E /* JumpUpGame */,
				84857AF92EFA51D500C46B3E /* Products */,
			);
			sourceTree = "<group>";
		};
		84857AF92EFA51D500C46B3E /* Products */ = {
			isa = PBXGroup;
			children = (
				84857AF82EFA51D500C46B3E /* JumpUpGame.app */,
			);
			name = Products;
			sourceTree = "<group>";
		};
		84857AFA2EFA51D500C46B3E /* JumpUpGame */ = {
			isa = PBXGroup;
			children = (
				84857AFB2EFA51D500C46B3E /* AppDelegate.swift */,
				84857AFD2EFA51D500C46B3E /* SceneDelegate.swift */,
				84857AFF2EFA51D500C46B3E /* ViewController.swift */,
				84857B012EFA51D500C46B3E /* Main.storyboard */,
				84857B042EFA51D800C46B3E /* Assets.xcassets */,
				84857B062EFA51D800C46B3E /* LaunchScreen.storyboard */,
				84857B092EFA51D800C46B3E /* Info.plist */,
			);
			path = JumpUpGame;
			sourceTree = "<group>";
		};
/* End PBXGroup section */

/* Begin PBXNativeTarget section */
		84857AF72EFA51D500C46B3E /* JumpUpGame */ = {
			isa = PBXNativeTarget;
			buildConfigurationList = 84857B0C2EFA51D800C46B3E /* Build configuration list for PBXNativeTarget "JumpUpGame" */;
			buildPhases = (
				84857AF42EFA51D500C46B3E /* Sources */,
				84857AF52EFA51D500C46B3E /* Frameworks */,
				84857AF62EFA51D500C46B3E /* Resources */,
			);
			buildRules = (
			);
			dependencies = (
			);
			name = JumpUpGame;
			productName = JumpUpGame;
			productReference = 84857AF82EFA51D500C46B3E /* JumpUpGame.app */;
			productType = "com.apple.product-type.application";
		};
/* End PBXNativeTarget section */

/* Begin PBXProject section */
		84857AF02EFA51D500C46B3E /* Project object */ = {
			isa = PBXProject;
			attributes = {
				LastSwiftUpdateCheck = 1210;
				LastUpgradeCheck = 1210;
				TargetAttributes = {
					84857AF72EFA51D500C46B3E = {
						CreatedOnToolsVersion = 12.1;
					};
				};
			};
			buildConfigurationList = 84857AF32EFA51D500C46B3E /* Build configuration list for PBXProject "JumpUpGame" */;
			compatibilityVersion = "Xcode 9.3";
			developmentRegion = en;
			hasScannedForEncodings = 0;
			knownRegions = (
				en,
				Base,
			);
			mainGroup = 84857AEF2EFA51D500C46B3E;
			productRefGroup = 84857AF92EFA51D500C46B3E /* Products */;
			projectDirPath = "";
			projectRoot = "";
			targets = (
				84857AF72EFA51D500C46B3E /* JumpUpGame */,
			);
		};
/* End PBXProject section */

/* Begin PBXResourcesBuildPhase section */
		84857AF62EFA51D500C46B3E /* Resources */ = {
			isa = PBXResourcesBuildPhase;
			buildActionMask = 2147483647;
			files = (
				84857B082EFA51D800C46B3E /* LaunchScreen.storyboard in Resources */,
				84857B052EFA51D800C46B3E /* Assets.xcassets in Resources */,
				84857B032EFA51D500C46B3E /* Main.storyboard in Resources */,
			);
			runOnlyForDeploymentPostprocessing = 0;
		};
/* End PBXResourcesBuildPhase section */

/* Begin PBXSourcesBuildPhase section */
		84857AF42EFA51D500C46B3E /* Sources */ = {
			isa = PBXSourcesBuildPhase;
			buildActionMask = 2147483647;
			files = (
				84857B002EFA51D500C46B3E /* ViewController.swift in Sources */,
				84857AFC2EFA51D500C46B3E /* AppDelegate.swift in Sources */,
				84857AFE2EFA51D500C46B3E /* SceneDelegate.swift in Sources */,
			);
			runOnlyForDeploymentPostprocessing = 0;
		};
/* End PBXSourcesBuildPhase section */

/* Begin PBXVariantGroup section */
		84857B012EFA51D500C46B3E /* Main.storyboard */ = {
			isa = PBXVariantGroup;
			children = (
				84857B022EFA51D500C46B3E /* Base */,
			);
			name = Main.storyboard;
			sourceTree = "<group>";
		};
		84857B062EFA51D800C46B3E /* LaunchScreen.storyboard */ = {
			isa = PBXVariantGroup;
			children = (
				84857B072EFA51D800C46B3E /* Base */,
			);
			name = LaunchScreen.storyboard;
			sourceTree = "<group>";
		};
/* End PBXVariantGroup section */

/* Begin XCBuildConfiguration section */
		84857B0A2EFA51D800C46B3E /* Debug */ = {
			isa = XCBuildConfiguration;
			buildSettings = {
				ALWAYS_SEARCH_USER_PATHS = NO;
				CLANG_ANALYZER_NONNULL = YES;
				CLANG_ANALYZER_NUMBER_OBJECT_CONVERSION = YES_AGGRESSIVE;
				CLANG_CXX_LANGUAGE_STANDARD = "gnu++14";
				CLANG_CXX_LIBRARY = "libc++";
				CLANG_ENABLE_MODULES = YES;
				CLANG_ENABLE_OBJC_ARC = YES;
				CLANG_ENABLE_OBJC_WEAK = YES;
				CLANG_WARN_BLOCK_CAPTURE_AUTORELEASING = YES;
				CLANG_WARN_BOOL_CONVERSION = YES;
				CLANG_WARN_COMMA = YES;
				CLANG_WARN_CONSTANT_CONVERSION = YES;
				CLANG_WARN_DEPRECATED_OBJC_IMPLEMENTATIONS = YES;
				CLANG_WARN_DIRECT_OBJC_ISA_USAGE = YES_ERROR;
				CLANG_WARN_DOCUMENTATION_COMMENTS = YES;
				CLANG_WARN_EMPTY_BODY = YES;
				CLANG_WARN_ENUM_CONVERSION = YES;
				CLANG_WARN_INFINITE_RECURSION = YES;
				CLANG_WARN_INT_CONVERSION = YES;
				CLANG_WARN_NON_LITERAL_NULL_CONVERSION = YES;
				CLANG_WARN_OBJC_IMPLICIT_RETAIN_SELF = YES;
				CLANG_WARN_OBJC_LITERAL_CONVERSION = YES;
				CLANG_WARN_OBJC_ROOT_CLASS = YES_ERROR;
				CLANG_WARN_QUOTED_INCLUDE_IN_FRAMEWORK_HEADER = YES;
				CLANG_WARN_RANGE_LOOP_ANALYSIS = YES;
				CLANG_WARN_STRICT_PROTOTYPES = YES;
				CLANG_WARN_SUSPICIOUS_MOVE = YES;
				CLANG_WARN_UNGUARDED_AVAILABILITY = YES_AGGRESSIVE;
				CLANG_WARN_UNREACHABLE_CODE = YES;
				CLANG_WARN__DUPLICATE_METHOD_MATCH = YES;
				COPY_PHASE_STRIP = NO;
				DEBUG_INFORMATION_FORMAT = dwarf;
				ENABLE_STRICT_OBJC_MSGSEND = YES;
				ENABLE_TESTABILITY = YES;
				GCC_C_LANGUAGE_STANDARD = gnu11;
				GCC_DYNAMIC_NO_PIC = NO;
				GCC_NO_COMMON_BLOCKS = YES;
				GCC_OPTIMIZATION_LEVEL = 0;
				GCC_PREPROCESSOR_DEFINITIONS = (
					"DEBUG=1",
					"$(inherited)",
				);
				GCC_WARN_64_TO_32_BIT_CONVERSION = YES;
				GCC_WARN_ABOUT_RETURN_TYPE = YES_ERROR;
				GCC_WARN_UNDECLARED_SELECTOR = YES;
				GCC_WARN_UNINITIALIZED_AUTOS = YES_AGGRESSIVE;
				GCC_WARN_UNUSED_FUNCTION = YES;
				GCC_WARN_UNUSED_VARIABLE = YES;
				IPHONEOS_DEPLOYMENT_TARGET = 14.1;
				MTL_ENABLE_DEBUG_INFO = INCLUDE_SOURCE;
				MTL_FAST_MATH = YES;
				ONLY_ACTIVE_ARCH = YES;
				SDKROOT = iphoneos;
				SWIFT_ACTIVE_COMPILATION_CONDITIONS = DEBUG;
				SWIFT_OPTIMIZATION_LEVEL = "-Onone";
			};
			name = Debug;
		};
		84857B0B2EFA51D800C46B3E /* Release */ = {
			isa = XCBuildConfiguration;
			buildSettings = {
				ALWAYS_SEARCH_USER_PATHS = NO;
				CLANG_ANALYZER_NONNULL = YES;
				CLANG_ANALYZER_NUMBER_OBJECT_CONVERSION = YES_AGGRESSIVE;
				CLANG_CXX_LANGUAGE_STANDARD = "gnu++14";
				CLANG_CXX_LIBRARY = "libc++";
				CLANG_ENABLE_MODULES = YES;
				CLANG_ENABLE_OBJC_ARC = YES;
				CLANG_ENABLE_OBJC_WEAK = YES;
				CLANG_WARN_BLOCK_CAPTURE_AUTORELEASING = YES;
				CLANG_WARN_BOOL_CONVERSION = YES;
				CLANG_WARN_COMMA = YES;
				CLANG_WARN_CONSTANT_CONVERSION = YES;
				CLANG_WARN_DEPRECATED_OBJC_IMPLEMENTATIONS = YES;
				CLANG_WARN_DIRECT_OBJC_ISA_USAGE = YES_ERROR;
				CLANG_WARN_DOCUMENTATION_COMMENTS = YES;
				CLANG_WARN_EMPTY_BODY = YES;
				CLANG_WARN_ENUM_CONVERSION = YES;
				CLANG_WARN_INFINITE_RECURSION = YES;
				CLANG_WARN_INT_CONVERSION = YES;
				CLANG_WARN_NON_LITERAL_NULL_CONVERSION = YES;
				CLANG_WARN_OBJC_IMPLICIT_RETAIN_SELF = YES;
				CLANG_WARN_OBJC_LITERAL_CONVERSION = YES;
				CLANG_WARN_OBJC_ROOT_CLASS = YES_ERROR;
				CLANG_WARN_QUOTED_INCLUDE_IN_FRAMEWORK_HEADER = YES;
				CLANG_WARN_RANGE_LOOP_ANALYSIS = YES;
				CLANG_WARN_STRICT_PROTOTYPES = YES;
				CLANG_WARN_SUSPICIOUS_MOVE = YES;
				CLANG_WARN_UNGUARDED_AVAILABILITY = YES_AGGRESSIVE;
				CLANG_WARN_UNREACHABLE_CODE = YES;
				CLANG_WARN__DUPLICATE_METHOD_MATCH = YES;
				COPY_PHASE_STRIP = NO;
				DEBUG_INFORMATION_FORMAT = "dwarf-with-dsym";
				ENABLE_NS_ASSERTIONS = NO;
				ENABLE_STRICT_OBJC_MSGSEND = YES;
				GCC_C_LANGUAGE_STANDARD = gnu11;
				GCC_NO_COMMON_BLOCKS = YES;
				GCC_WARN_64_TO_32_BIT_CONVERSION = YES;
				GCC_WARN_ABOUT_RETURN_TYPE = YES_ERROR;
				GCC_WARN_UNDECLARED_SELECTOR = YES;
				GCC_WARN_UNINITIALIZED_AUTOS = YES_AGGRESSIVE;
				GCC_WARN_UNUSED_FUNCTION = YES;
				GCC_WARN_UNUSED_VARIABLE = YES;
				IPHONEOS_DEPLOYMENT_TARGET = 14.1;
				MTL_ENABLE_DEBUG_INFO = NO;
				MTL_FAST_MATH = YES;
				SDKROOT = iphoneos;
				SWIFT_COMPILATION_MODE = wholemodule;
				SWIFT_OPTIMIZATION_LEVEL = "-O";
				VALIDATE_PRODUCT = YES;
			};
			name = Release;
		};
		84857B0D2EFA51D800C46B3E /* Debug */ = {
			isa = XCBuildConfiguration;
			buildSettings = {
				ASSETCATALOG_COMPILER_APPICON_NAME = AppIcon;
				ASSETCATALOG_COMPILER_GLOBAL_ACCENT_COLOR_NAME = AccentColor;
				CODE_SIGN_STYLE = Automatic;
				DEVELOPMENT_TEAM = A33YTXXVWU;
				INFOPLIST_FILE = JumpUpGame/Info.plist;
				LD_RUNPATH_SEARCH_PATHS = (
					"$(inherited)",
					"@executable_path/Frameworks",
				);
				PRODUCT_BUNDLE_IDENTIFIER = com.devsk8.JumpUpGame;
				PRODUCT_NAME = "$(TARGET_NAME)";
				SWIFT_VERSION = 5.0;
				TARGETED_DEVICE_FAMILY = "1,2";
			};
			name = Debug;
		};
		84857B0E2EFA51D800C46B3E /* Release */ = {
			isa = XCBuildConfiguration;
			buildSettings = {
				ASSETCATALOG_COMPILER_APPICON_NAME = AppIcon;
				ASSETCATALOG_COMPILER_GLOBAL_ACCENT_COLOR_NAME = AccentColor;
				CODE_SIGN_STYLE = Automatic;
				DEVELOPMENT_TEAM = A33YTXXVWU;
				INFOPLIST_FILE = JumpUpGame/Info.plist;
				LD_RUNPATH_SEARCH_PATHS = (
					"$(inherited)",
					"@executable_path/Frameworks",
				);
				PRODUCT_BUNDLE_IDENTIFIER = com.devsk8.JumpUpGame;
				PRODUCT_NAME = "$(TARGET_NAME)";
				SWIFT_VERSION = 5.0;
				TARGETED_DEVICE_FAMILY = "1,2";
			};
			name = Release;
		};
/* End XCBuildConfiguration section */

/* Begin XCConfigurationList section */
		84857AF32EFA51D500C46B3E /* Build configuration list for PBXProject "JumpUpGame" */ = {
			isa = XCConfigurationList;
			buildConfigurations = (
				84857B0A2EFA51D800C46B3E /* Debug */,
				84857B0B2EFA51D800C46B3E /* Release */,
			);
			defaultConfigurationIsVisible = 0;
			defaultConfigurationName = Release;
		};
		84857B0C2EFA51D800C46B3E /* Build configuration list for PBXNativeTarget "JumpUpGame" */ = {
			isa = XCConfigurationList;
			buildConfigurations = (
				84857B0D2EFA51D800C46B3E /* Debug */,
				84857B0E2EFA51D800C46B3E /* Release */,
			);
			defaultConfigurationIsVisible = 0;
			defaultConfigurationName = Release;
		};
/* End XCConfigurationList section */
	};
	rootObject = 84857AF02EFA51D500C46B3E /* Project object */;
}
